{
    "name": "mockapi",
    "version": "1.0.0",
    "lockfileVersion": 1,
    "requires": true,
    "dependencies": {
        "connect": {
            "version": "1.9.2",
            "resolved": "https://registry.npmjs.org/connect/-/connect-1.9.2.tgz",
            "integrity": "sha1-QogKIulDiuWait105Df1iujlKAc=",
            "requires": {
                "formidable": "1.0.17",
                "mime": "1.2.4",
                "qs": "0.4.2"
            }
        },
        "express": {
            "version": "2.5.11",
            "resolved": "https://registry.npmjs.org/express/-/express-2.5.11.tgz",
            "integrity": "sha1-TOjqHzY15p5J8Ou0l7aksKUc5vA=",
            "requires": {
                "connect": "1.9.2",
                "mime": "1.2.4",
                "mkdirp": "0.3.0",
                "qs": "0.4.2"
            }
        },
        "formidable": {
            "version": "1.0.17",
            "resolved": "https://registry.npmjs.org/formidable/-/formidable-1.0.17.tgz",
            "integrity": "sha1-71SRSQ+UM7cF+qdyScmQKa40hVk="
        },
        "mime": {
            "version": "1.2.4",
            "resolved": "https://registry.npmjs.org/mime/-/mime-1.2.4.tgz",
            "integrity": "sha1-EbX9rynCUJJVF2uArVIClPXekrc="
        },
        "mkdirp": {
            "version": "0.3.0",
            "resolved": "https://registry.npmjs.org/mkdirp/-/mkdirp-0.3.0.tgz",
            "integrity": "sha1-G79asbqCevI1dRQ0kEJkVfSB/h4="
        },
        "qs": {
            "version": "0.4.2",
            "resolved": "https://registry.npmjs.org/qs/-/qs-0.4.2.tgz",
            "integrity": "sha1-PKxMhh43GoycR3CsI82o3mObjl8="
        },
        "underscore": {
            "version": "1.8.3",
            "resolved": "https://registry.npmjs.org/underscore/-/underscore-1.8.3.tgz",
            "integrity": "sha1-Tz+1OxBuYJf8+ctBCfKl6b36UCI="
        }
    }
}
